{
  "name": "Twitter app",
  "version": "1.0.0",
  "lockfileVersion": 3,
  "requires": true,
  "packages": {
    "": {
      "dependencies": {
        "dotenv": "^17.2.3"
      }
    },
    "backend": {
      "version": "0.1.0",
      "extraneous": true,
      "dependencies": {
        "@types/pg": "^8.15.5",
        "@types/ws": "^8.18.1",
        "@web3-storage/access": "^20.3.0",
        "cors": "^2.8.5",
        "crypto-js": "^4.2.0",
        "dotenv": "^17.2.2",
        "ethers": "^6.15.0",
        "helmet": "^8.1.0",
        "morgan": "^1.10.1",
        "next": "15.5.4",
        "node-cron": "^4.2.1",
        "pg": "^8.16.3",
        "winston": "^3.17.0",
        "ws": "^8.18.3"
      },
      "devDependencies": {
        "@eslint/eslintrc": "^3",
        "@types/crypto-js": "^4.2.2",
        "@types/node": "^20",
        "eslint": "^9",
        "eslint-config-next": "15.5.4",
        "nodemon": "^3.1.10",
        "typescript": "^5"
      }
    },
    "frontend": {
      "name": "twitter-automation-platform-frontend",
      "version": "1.0.0",
      "extraneous": true,
      "hasInstallScript": true,
      "license": "MIT",
      "dependencies": {
        "express": "^4.18.2",
        "uuid": "^9.0.0"
      },
      "devDependencies": {
        "cross-env": "^10.0.0",
        "electron": "^28.0.0",
        "electron-builder": "^24.6.4"
      }
    },
    "node_modules/dotenv": {
      "version": "17.2.3",
      "resolved": "https://registry.npmjs.org/dotenv/-/dotenv-17.2.3.tgz",
      "integrity": "sha512-JVUnt+DUIzu87TABbhPmNfVdBDt18BLOWjMUFJMSi/Qqg7NTYtabbvSNJGOJ7afbRuv9D/lngizHtP7QyLQ+9w==",
      "license": "BSD-2-Clause",
      "engines": {
        "node": ">=12"
      },
      "funding": {
        "url": "https://dotenvx.com"
      }
    }
  }
}
